github.com/go-chi/chi v1.5.4 h1:QHdzF2szwjqVV4wmByUnTcsbIg7UGaQ0tPF2t5GcAIs=
github.com/go-chi/chi v1.5.4/go.mod h1:uaf8YgoFazUOkPBG7fxPftUylNumIev9awIWOENIuEg=
github.com/go-chi/cors v1.2.1 h1:xEC8UT3Rlp2QuWNEr4Fs/c2EAGVKBwy/1vHx3bppil4=
github.com/go-chi/cors v1.2.1/go.mod h1:sSbTewc+6wYHBBCW7ytsFSn836hqM7JxpglAy2Vzc58=
github.com/vmw-pso/toolkit v0.0.0-20220918110345-b07447df119c h1:vC7dxfmIo8EBAKi/VuEgPxoeuxa7OvXzc+x+/ivEpB0=
github.com/vmw-pso/toolkit v0.0.0-20220918110345-b07447df119c/go.mod h1:9/rLEjZfIIovKNARVz7AQrx72WnZ15mR10VHgKpTcYY=
